
Microsoft Visual Studio Solution File, Format Version 12.00
# Visual Studio Version 17
VisualStudioVersion = 17.4.33213.308
MinimumVisualStudioVersion = 10.0.40219.1
Project("{9A19103F-16F7-4668-BE54-9A1E7A4F7556}") = "Zhai.Renamer", "Zhai.Renamer.csproj", "{BBAC4375-C6A3-4909-8682-128FF8354A48}"
EndProject
Global
	GlobalSection(SolutionConfigurationPlatforms) = preSolution
		Debug|Any CPU = Debug|Any CPU
		Release|Any CPU = Release|Any CPU
	EndGlobalSection
	GlobalSection(ProjectConfigurationPlatforms) = postSolution
		{BBAC4375-C6A3-4909-8682-128FF8354A48}.Debug|Any CPU.ActiveCfg = Debug|Any CPU
		{BBAC4375-C6A3-4909-8682-128FF8354A48}.Debug|Any CPU.Build.0 = Debug|Any CPU
		{BBAC4375-C6A3-4909-8682-128FF8354A48}.Release|Any CPU.ActiveCfg = Release|Any CPU
		{BBAC4375-C6A3-4909-8682-128FF8354A48}.Release|Any CPU.Build.0 = Release|Any CPU
	EndGlobalSection
	GlobalSection(SolutionProperties) = preSolution
		HideSolutionNode = FALSE
	EndGlobalSection
	GlobalSection(ExtensibilityGlobals) = postSolution
		SolutionGuid = {32BC164E-A2D0-4FFB-A00B-2489B2DF7539}
	EndGlobalSection
EndGlobal
